<?xml version="1.0" encoding="utf-8"?>
<Project ToolsVersion="4.0" xmlns="http://schemas.microsoft.com/developer/msbuild/2003">
  <ItemGroup>
    <Filter Include="Файлы исходного кода">
      <UniqueIdentifier>{4FC737F1-C7A5-4376-A066-2A32D752A2FF}</UniqueIdentifier>
      <Extensions>cpp;c;cc;cxx;def;odl;idl;hpj;bat;asm;asmx</Extensions>
    </Filter>
    <Filter Include="Заголовочные файлы">
      <UniqueIdentifier>{93995380-89BD-4b04-88EB-625FBE52EBFB}</UniqueIdentifier>
      <Extensions>h;hh;hpp;hxx;hm;inl;inc;xsd</Extensions>
    </Filter>
    <Filter Include="Файлы ресурсов">
      <UniqueIdentifier>{67DA6AB6-F800-4c08-8B7A-83BB121AAD01}</UniqueIdentifier>
      <Extensions>rc;ico;cur;bmp;dlg;rc2;rct;bin;rgs;gif;jpg;jpeg;jpe;resx;tiff;tif;png;wav;mfcribbon-ms</Extensions>
    </Filter>
    <Filter Include="Файлы исходного кода\lua">
      <UniqueIdentifier>{60256496-1012-4771-abce-77710c02d69d}</UniqueIdentifier>
    </Filter>
  </ItemGroup>
  <ItemGroup>
    <ClCompile Include="main.cpp">
      <Filter>Файлы исходного кода</Filter>
    </ClCompile>
    <ClCompile Include="syberon\Utils.cpp">
      <Filter>Файлы исходного кода</Filter>
    </ClCompile>
    <ClCompile Include="syberon\Logger.cpp">
      <Filter>Файлы исходного кода</Filter>
    </ClCompile>
    <ClCompile Include="syberon\LuaScript.cpp">
      <Filter>Файлы исходного кода</Filter>
    </ClCompile>
    <ClCompile Include="syberon\PeriodCorrector.cpp">
      <Filter>Файлы исходного кода</Filter>
    </ClCompile>
    <ClCompile Include="syberon\Renderer.cpp">
      <Filter>Файлы исходного кода</Filter>
    </ClCompile>
    <ClCompile Include="syberon\RObject.cpp">
      <Filter>Файлы исходного кода</Filter>
    </ClCompile>
    <ClCompile Include="syberon\DrawMachine.cpp">
      <Filter>Файлы исходного кода</Filter>
    </ClCompile>
    <ClCompile Include="syberon\Image.cpp">
      <Filter>Файлы исходного кода</Filter>
    </ClCompile>
    <ClCompile Include="syberon\lua\Renderer.cpp">
      <Filter>Файлы исходного кода\lua</Filter>
    </ClCompile>
    <ClCompile Include="syberon\lua\Thread.cpp">
      <Filter>Файлы исходного кода\lua</Filter>
    </ClCompile>
    <ClCompile Include="syberon\lua\Timer.cpp">
      <Filter>Файлы исходного кода\lua</Filter>
    </ClCompile>
    <ClCompile Include="syberon\lua\Font.cpp">
      <Filter>Файлы исходного кода\lua</Filter>
    </ClCompile>
    <ClCompile Include="syberon\lua\Cursor.cpp">
      <Filter>Файлы исходного кода\lua</Filter>
    </ClCompile>
    <ClCompile Include="syberon\lua\Music.cpp">
      <Filter>Файлы исходного кода\lua</Filter>
    </ClCompile>
    <ClCompile Include="syberon\lua\Image.cpp">
      <Filter>Файлы исходного кода\lua</Filter>
    </ClCompile>
    <ClCompile Include="syberon\Files.cpp">
      <Filter>Файлы исходного кода</Filter>
    </ClCompile>
    <ClCompile Include="syberon\lua\ImageFont.cpp">
      <Filter>Файлы исходного кода\lua</Filter>
    </ClCompile>
    <ClCompile Include="syberon\ImageFont.cpp">
      <Filter>Файлы исходного кода</Filter>
    </ClCompile>
    <ClCompile Include="syberon\lua\File.cpp">
      <Filter>Файлы исходного кода\lua</Filter>
    </ClCompile>
    <ClCompile Include="syberon\Map.cpp">
      <Filter>Файлы исходного кода</Filter>
    </ClCompile>
    <ClCompile Include="syberon\lua\Map.cpp">
      <Filter>Файлы исходного кода\lua</Filter>
    </ClCompile>
  </ItemGroup>
  <ItemGroup>
    <ClInclude Include="syberon\DrawMachine.h">
      <Filter>Заголовочные файлы</Filter>
    </ClInclude>
    <ClInclude Include="syberon\Image.h">
      <Filter>Заголовочные файлы</Filter>
    </ClInclude>
    <ClInclude Include="syberon\Logger.h">
      <Filter>Заголовочные файлы</Filter>
    </ClInclude>
    <ClInclude Include="syberon\Utils.h">
      <Filter>Заголовочные файлы</Filter>
    </ClInclude>
    <ClInclude Include="syberon\RObject.h">
      <Filter>Заголовочные файлы</Filter>
    </ClInclude>
    <ClInclude Include="syberon\Renderer.h">
      <Filter>Заголовочные файлы</Filter>
    </ClInclude>
    <ClInclude Include="syberon\LuaScript.h">
      <Filter>Заголовочные файлы</Filter>
    </ClInclude>
    <ClInclude Include="syberon\PeriodCorrector.h">
      <Filter>Заголовочные файлы</Filter>
    </ClInclude>
    <ClInclude Include="syberon\Files.h">
      <Filter>Заголовочные файлы</Filter>
    </ClInclude>
    <ClInclude Include="syberon\ImageFont.h">
      <Filter>Заголовочные файлы</Filter>
    </ClInclude>
    <ClInclude Include="syberon\Map.h">
      <Filter>Заголовочные файлы</Filter>
    </ClInclude>
  </ItemGroup>
</Project>